github.com/gorilla/websocket v1.4.1 h1:q7AeDBpnBk8AogcD4DSag/Ukw/KV+YhzLj2bP5HvKCM=
github.com/gorilla/websocket v1.4.1/go.mod h1:YR8l580nyteQvAITg2hZ9XVh4b55+EU/adAjf1fMHhE=
github.com/irrelevantdotcom/leaf v0.0.0-20181103040206-1364c176dfbd h1:H012nxqqVYsH0+nzZWklINCZs+VgNnyIkHk4Zw92dKE=
github.com/irrelevantdotcom/leaf v0.0.0-20181103040206-1364c176dfbd/go.mod h1:IbVWZzaRx7iHTy8QcW3nF4NEnD1mD8Zss+Hxa3vgAYo=
github.com/irrelevantdotcom/leafserver v0.0.0-20170223062139-6d4f51f87b82 h1:eL5A6Z/GxxNGmbCAhAr3Y+h07A3/g9mXVhCXWMPEIqI=
github.com/name5566/leaf v0.0.0-20181103040206-1364c176dfbd h1:22rhYEzttbrnKjgYh5pifnDluXHHcJ3uSOi2l8Nw+9A=
github.com/name5566/leaf v0.0.0-20181103040206-1364c176dfbd/go.mod h1:JrOIxq3vDxvtuEI7Kmm2yqkuBfuT9DMLFMnCyYHLaKM=
